// !$*UTF8*$!
{
	archiveVersion = 1;
	classes = {
	};
	objectVersion = 46;
	objects = {

/* Begin PBXBuildFile section */
		C6765AC320D844CD00F411C2 /* QueryTableViewController.swift in Sources */ = {isa = PBXBuildFile; fileRef = C6765AC220D844CD00F411C2 /* QueryTableViewController.swift */; };
		C6765AC520D8460900F411C2 /* QueryTableViewCell.swift in Sources */ = {isa = PBXBuildFile; fileRef = C6765AC420D8460900F411C2 /* QueryTableViewCell.swift */; };
		C6D3BECF1F3251060029C70E /* AppDelegate.swift in Sources */ = {isa = PBXBuildFile; fileRef = C6D3BECE1F3251060029C70E /* AppDelegate.swift */; };
		C6D3BED11F3251060029C70E /* ViewController.swift in Sources */ = {isa = PBXBuildFile; fileRef = C6D3BED01F3251060029C70E /* ViewController.swift */; };
		C6D3BED41F3251060029C70E /* Main.storyboard in Resources */ = {isa = PBXBuildFile; fileRef = C6D3BED21F3251060029C70E /* Main.storyboard */; };
		C6D3BED61F3251060029C70E /* Assets.xcassets in Resources */ = {isa = PBXBuildFile; fileRef = C6D3BED51F3251060029C70E /* Assets.xcassets */; };
		C6D3BEE11F3251060029C70E /* Deep_Link_TesterTests.swift in Sources */ = {isa = PBXBuildFile; fileRef = C6D3BEE01F3251060029C70E /* Deep_Link_TesterTests.swift */; };
		C6D3BEEC1F3251060029C70E /* Deep_Link_TesterUITests.swift in Sources */ = {isa = PBXBuildFile; fileRef = C6D3BEEB1F3251060029C70E /* Deep_Link_TesterUITests.swift */; };
/* End PBXBuildFile section */

/* Begin PBXContainerItemProxy section */
		C6D3BEDD1F3251060029C70E /* PBXContainerItemProxy */ = {
			isa = PBXContainerItemProxy;
			containerPortal = C6D3BEC31F3251050029C70E /* Project object */;
			proxyType = 1;
			remoteGlobalIDString = C6D3BECA1F3251050029C70E;
			remoteInfo = "Deep Link Tester";
		};
		C6D3BEE81F3251060029C70E /* PBXContainerItemProxy */ = {
			isa = PBXContainerItemProxy;
			containerPortal = C6D3BEC31F3251050029C70E /* Project object */;
			proxyType = 1;
			remoteGlobalIDString = C6D3BECA1F3251050029C70E;
			remoteInfo = "Deep Link Tester";
		};
/* End PBXContainerItemProxy section */

/* Begin PBXFileReference section */
		C6765AC220D844CD00F411C2 /* QueryTableViewController.swift */ = {isa = PBXFileReference; lastKnownFileType = sourcecode.swift; path = QueryTableViewController.swift; sourceTree = "<group>"; };
		C6765AC420D8460900F411C2 /* QueryTableViewCell.swift */ = {isa = PBXFileReference; lastKnownFileType = sourcecode.swift; path = QueryTableViewCell.swift; sourceTree = "<group>"; };
		C6D3BECB1F3251050029C70E /* Deep Link Tester.app */ = {isa = PBXFileReference; explicitFileType = wrapper.application; includeInIndex = 0; path = "Deep Link Tester.app"; sourceTree = BUILT_PRODUCTS_DIR; };
		C6D3BECE1F3251060029C70E /* AppDelegate.swift */ = {isa = PBXFileReference; lastKnownFileType = sourcecode.swift; path = AppDelegate.swift; sourceTree = "<group>"; };
		C6D3BED01F3251060029C70E /* ViewController.swift */ = {isa = PBXFileReference; lastKnownFileType = sourcecode.swift; path = ViewController.swift; sourceTree = "<group>"; };
		C6D3BED31F3251060029C70E /* Base */ = {isa = PBXFileReference; lastKnownFileType = file.storyboard; name = Base; path = Base.lproj/Main.storyboard; sourceTree = "<group>"; };
		C6D3BED51F3251060029C70E /* Assets.xcassets */ = {isa = PBXFileReference; lastKnownFileType = folder.assetcatalog; path = Assets.xcassets; sourceTree = "<group>"; };
		C6D3BED71F3251060029C70E /* Info.plist */ = {isa = PBXFileReference; lastKnownFileType = text.plist.xml; path = Info.plist; sourceTree = "<group>"; };
		C6D3BEDC1F3251060029C70E /* Deep Link TesterTests.xctest */ = {isa = PBXFileReference; explicitFileType = wrapper.cfbundle; includeInIndex = 0; path = "Deep Link TesterTests.xctest"; sourceTree = BUILT_PRODUCTS_DIR; };
		C6D3BEE01F3251060029C70E /* Deep_Link_TesterTests.swift */ = {isa = PBXFileReference; lastKnownFileType = sourcecode.swift; path = Deep_Link_TesterTests.swift; sourceTree = "<group>"; };
		C6D3BEE21F3251060029C70E /* Info.plist */ = {isa = PBXFileReference; lastKnownFileType = text.plist.xml; path = Info.plist; sourceTree = "<group>"; };
		C6D3BEE71F3251060029C70E /* Deep Link TesterUITests.xctest */ = {isa = PBXFileReference; explicitFileType = wrapper.cfbundle; includeInIndex = 0; path = "Deep Link TesterUITests.xctest"; sourceTree = BUILT_PRODUCTS_DIR; };
		C6D3BEEB1F3251060029C70E /* Deep_Link_TesterUITests.swift */ = {isa = PBXFileReference; lastKnownFileType = sourcecode.swift; path = Deep_Link_TesterUITests.swift; sourceTree = "<group>"; };
		C6D3BEED1F3251060029C70E /* Info.plist */ = {isa = PBXFileReference; lastKnownFileType = text.plist.xml; path = Info.plist; sourceTree = "<group>"; };
/* End PBXFileReference section */

/* Begin PBXFrameworksBuildPhase section */
		C6D3BEC81F3251050029C70E /* Frameworks */ = {
			isa = PBXFrameworksBuildPhase;
			buildActionMask = 2147483647;
			files = (
			);
			runOnlyForDeploymentPostprocessing = 0;
		};
		C6D3BED91F3251060029C70E /* Frameworks */ = {
			isa = PBXFrameworksBuildPhase;
			buildActionMask = 2147483647;
			files = (
			);
			runOnlyForDeploymentPostprocessing = 0;
		};
		C6D3BEE41F3251060029C70E /* Frameworks */ = {
			isa = PBXFrameworksBuildPhase;
			buildActionMask = 2147483647;
			files = (
			);
			runOnlyForDeploymentPostprocessing = 0;
		};
/* End PBXFrameworksBuildPhase section */

/* Begin PBXGroup section */
		C6D3BEC21F3251050029C70E = {
			isa = PBXGroup;
			children = (
				C6D3BECD1F3251050029C70E /* Deep Link Tester */,
				C6D3BEDF1F3251060029C70E /* Deep Link TesterTests */,
				C6D3BEEA1F3251060029C70E /* Deep Link TesterUITests */,
				C6D3BECC1F3251050029C70E /* Products */,
			);
			sourceTree = "<group>";
		};
		C6D3BECC1F3251050029C70E /* Products */ = {
			isa = PBXGroup;
			children = (
				C6D3BECB1F3251050029C70E /* Deep Link Tester.app */,
				C6D3BEDC1F3251060029C70E /* Deep Link TesterTests.xctest */,
				C6D3BEE71F3251060029C70E /* Deep Link TesterUITests.xctest */,
			);
			name = Products;
			sourceTree = "<group>";
		};
		C6D3BECD1F3251050029C70E /* Deep Link Tester */ = {
			isa = PBXGroup;
			children = (
				C6D3BECE1F3251060029C70E /* AppDelegate.swift */,
				C6D3BED01F3251060029C70E /* ViewController.swift */,
				C6765AC220D844CD00F411C2 /* QueryTableViewController.swift */,
				C6765AC420D8460900F411C2 /* QueryTableViewCell.swift */,
				C6D3BED21F3251060029C70E /* Main.storyboard */,
				C6D3BED51F3251060029C70E /* Assets.xcassets */,
				C6D3BED71F3251060029C70E /* Info.plist */,
			);
			path = "Deep Link Tester";
			sourceTree = "<group>";
		};
		C6D3BEDF1F3251060029C70E /* Deep Link TesterTests */ = {
			isa = PBXGroup;
			children = (
				C6D3BEE01F3251060029C70E /* Deep_Link_TesterTests.swift */,
				C6D3BEE21F3251060029C70E /* Info.plist */,
			);
			path = "Deep Link TesterTests";
			sourceTree = "<group>";
		};
		C6D3BEEA1F3251060029C70E /* Deep Link TesterUITests */ = {
			isa = PBXGroup;
			children = (
				C6D3BEEB1F3251060029C70E /* Deep_Link_TesterUITests.swift */,
				C6D3BEED1F3251060029C70E /* Info.plist */,
			);
			path = "Deep Link TesterUITests";
			sourceTree = "<group>";
		};
/* End PBXGroup section */

/* Begin PBXNativeTarget section */
		C6D3BECA1F3251050029C70E /* Deep Link Tester */ = {
			isa = PBXNativeTarget;
			buildConfigurationList = C6D3BEF01F3251060029C70E /* Build configuration list for PBXNativeTarget "Deep Link Tester" */;
			buildPhases = (
				C6D3BEC71F3251050029C70E /* Sources */,
				C6D3BEC81F3251050029C70E /* Frameworks */,
				C6D3BEC91F3251050029C70E /* Resources */,
			);
			buildRules = (
			);
			dependencies = (
			);
			name = "Deep Link Tester";
			productName = "Deep Link Tester";
			productReference = C6D3BECB1F3251050029C70E /* Deep Link Tester.app */;
			productType = "com.apple.product-type.application";
		};
		C6D3BEDB1F3251060029C70E /* Deep Link TesterTests */ = {
			isa = PBXNativeTarget;
			buildConfigurationList = C6D3BEF31F3251060029C70E /* Build configuration list for PBXNativeTarget "Deep Link TesterTests" */;
			buildPhases = (
				C6D3BED81F3251060029C70E /* Sources */,
				C6D3BED91F3251060029C70E /* Frameworks */,
				C6D3BEDA1F3251060029C70E /* Resources */,
			);
			buildRules = (
			);
			dependencies = (
				C6D3BEDE1F3251060029C70E /* PBXTargetDependency */,
			);
			name = "Deep Link TesterTests";
			productName = "Deep Link TesterTests";
			productReference = C6D3BEDC1F3251060029C70E /* Deep Link TesterTests.xctest */;
			productType = "com.apple.product-type.bundle.unit-test";
		};
		C6D3BEE61F3251060029C70E /* Deep Link TesterUITests */ = {
			isa = PBXNativeTarget;
			buildConfigurationList = C6D3BEF61F3251060029C70E /* Build configuration list for PBXNativeTarget "Deep Link TesterUITests" */;
			buildPhases = (
				C6D3BEE31F3251060029C70E /* Sources */,
				C6D3BEE41F3251060029C70E /* Frameworks */,
				C6D3BEE51F3251060029C70E /* Resources */,
			);
			buildRules = (
			);
			dependencies = (
				C6D3BEE91F3251060029C70E /* PBXTargetDependency */,
			);
			name = "Deep Link TesterUITests";
			productName = "Deep Link TesterUITests";
			productReference = C6D3BEE71F3251060029C70E /* Deep Link TesterUITests.xctest */;
			productType = "com.apple.product-type.bundle.ui-testing";
		};
/* End PBXNativeTarget section */

/* Begin PBXProject section */
		C6D3BEC31F3251050029C70E /* Project object */ = {
			isa = PBXProject;
			attributes = {
				LastSwiftUpdateCheck = 0830;
				LastUpgradeCheck = 0940;
				ORGANIZATIONNAME = "Ethan Kreloff";
				TargetAttributes = {
					C6D3BECA1F3251050029C70E = {
						CreatedOnToolsVersion = 8.3.3;
						DevelopmentTeam = DKSUFJ9RL5;
						LastSwiftMigration = 0940;
						ProvisioningStyle = Automatic;
					};
					C6D3BEDB1F3251060029C70E = {
						CreatedOnToolsVersion = 8.3.3;
						DevelopmentTeam = DKSUFJ9RL5;
						LastSwiftMigration = 0940;
						ProvisioningStyle = Automatic;
						TestTargetID = C6D3BECA1F3251050029C70E;
					};
					C6D3BEE61F3251060029C70E = {
						CreatedOnToolsVersion = 8.3.3;
						DevelopmentTeam = DKSUFJ9RL5;
						LastSwiftMigration = 0940;
						ProvisioningStyle = Automatic;
						TestTargetID = C6D3BECA1F3251050029C70E;
					};
				};
			};
			buildConfigurationList = C6D3BEC61F3251050029C70E /* Build configuration list for PBXProject "Deep Link Tester" */;
			compatibilityVersion = "Xcode 3.2";
			developmentRegion = English;
			hasScannedForEncodings = 0;
			knownRegions = (
				en,
				Base,
			);
			mainGroup = C6D3BEC21F3251050029C70E;
			productRefGroup = C6D3BECC1F3251050029C70E /* Products */;
			projectDirPath = "";
			projectRoot = "";
			targets = (
				C6D3BECA1F3251050029C70E /* Deep Link Tester */,
				C6D3BEDB1F3251060029C70E /* Deep Link TesterTests */,
				C6D3BEE61F3251060029C70E /* Deep Link TesterUITests */,
			);
		};
/* End PBXProject section */

/* Begin PBXResourcesBuildPhase section */
		C6D3BEC91F3251050029C70E /* Resources */ = {
			isa = PBXResourcesBuildPhase;
			buildActionMask = 2147483647;
			files = (
				C6D3BED61F3251060029C70E /* Assets.xcassets in Resources */,
				C6D3BED41F3251060029C70E /* Main.storyboard in Resources */,
			);
			runOnlyForDeploymentPostprocessing = 0;
		};
		C6D3BEDA1F3251060029C70E /* Resources */ = {
			isa = PBXResourcesBuildPhase;
			buildActionMask = 2147483647;
			files = (
			);
			runOnlyForDeploymentPostprocessing = 0;
		};
		C6D3BEE51F3251060029C70E /* Resources */ = {
			isa = PBXResourcesBuildPhase;
			buildActionMask = 2147483647;
			files = (
			);
			runOnlyForDeploymentPostprocessing = 0;
		};
/* End PBXResourcesBuildPhase section */

/* Begin PBXSourcesBuildPhase section */
		C6D3BEC71F3251050029C70E /* Sources */ = {
			isa = PBXSourcesBuildPhase;
			buildActionMask = 2147483647;
			files = (
				C6765AC520D8460900F411C2 /* QueryTableViewCell.swift in Sources */,
				C6D3BED11F3251060029C70E /* ViewController.swift in Sources */,
				C6765AC320D844CD00F411C2 /* QueryTableViewController.swift in Sources */,
				C6D3BECF1F3251060029C70E /* AppDelegate.swift in Sources */,
			);
			runOnlyForDeploymentPostprocessing = 0;
		};
		C6D3BED81F3251060029C70E /* Sources */ = {
			isa = PBXSourcesBuildPhase;
			buildActionMask = 2147483647;
			files = (
				C6D3BEE11F3251060029C70E /* Deep_Link_TesterTests.swift in Sources */,
			);
			runOnlyForDeploymentPostprocessing = 0;
		};
		C6D3BEE31F3251060029C70E /* Sources */ = {
			isa = PBXSourcesBuildPhase;
			buildActionMask = 2147483647;
			files = (
				C6D3BEEC1F3251060029C70E /* Deep_Link_TesterUITests.swift in Sources */,
			);
			runOnlyForDeploymentPostprocessing = 0;
		};
/* End PBXSourcesBuildPhase section */

/* Begin PBXTargetDependency section */
		C6D3BEDE1F3251060029C70E /* PBXTargetDependency */ = {
			isa = PBXTargetDependency;
			target = C6D3BECA1F3251050029C70E /* Deep Link Tester */;
			targetProxy = C6D3BEDD1F3251060029C70E /* PBXContainerItemProxy */;
		};
		C6D3BEE91F3251060029C70E /* PBXTargetDependency */ = {
			isa = PBXTargetDependency;
			target = C6D3BECA1F3251050029C70E /* Deep Link Tester */;
			targetProxy = C6D3BEE81F3251060029C70E /* PBXContainerItemProxy */;
		};
/* End PBXTargetDependency section */

/* Begin PBXVariantGroup section */
		C6D3BED21F3251060029C70E /* Main.storyboard */ = {
			isa = PBXVariantGroup;
			children = (
				C6D3BED31F3251060029C70E /* Base */,
			);
			name = Main.storyboard;
			sourceTree = "<group>";
		};
/* End PBXVariantGroup section */

/* Begin XCBuildConfiguration section */
		C6D3BEEE1F3251060029C70E /* Debug */ = {
			isa = XCBuildConfiguration;
			buildSettings = {
				ALWAYS_SEARCH_USER_PATHS = NO;
				CLANG_ANALYZER_NONNULL = YES;
				CLANG_ANALYZER_NUMBER_OBJECT_CONVERSION = YES_AGGRESSIVE;
				CLANG_CXX_LANGUAGE_STANDARD = "gnu++0x";
				CLANG_CXX_LIBRARY = "libc++";
				CLANG_ENABLE_MODULES = YES;
				CLANG_ENABLE_OBJC_ARC = YES;
				CLANG_WARN_BLOCK_CAPTURE_AUTORELEASING = YES;
				CLANG_WARN_BOOL_CONVERSION = YES;
				CLANG_WARN_COMMA = YES;
				CLANG_WARN_CONSTANT_CONVERSION = YES;
				CLANG_WARN_DEPRECATED_OBJC_IMPLEMENTATIONS = YES;
				CLANG_WARN_DIRECT_OBJC_ISA_USAGE = YES_ERROR;
				CLANG_WARN_DOCUMENTATION_COMMENTS = YES;
				CLANG_WARN_EMPTY_BODY = YES;
				CLANG_WARN_ENUM_CONVERSION = YES;
				CLANG_WARN_INFINITE_RECURSION = YES;
				CLANG_WARN_INT_CONVERSION = YES;
				CLANG_WARN_NON_LITERAL_NULL_CONVERSION = YES;
				CLANG_WARN_OBJC_IMPLICIT_RETAIN_SELF = YES;
				CLANG_WARN_OBJC_LITERAL_CONVERSION = YES;
				CLANG_WARN_OBJC_ROOT_CLASS = YES_ERROR;
				CLANG_WARN_RANGE_LOOP_ANALYSIS = YES;
				CLANG_WARN_STRICT_PROTOTYPES = YES;
				CLANG_WARN_SUSPICIOUS_MOVE = YES;
				CLANG_WARN_UNREACHABLE_CODE = YES;
				CLANG_WARN__DUPLICATE_METHOD_MATCH = YES;
				COPY_PHASE_STRIP = NO;
				DEBUG_INFORMATION_FORMAT = dwarf;
				ENABLE_STRICT_OBJC_MSGSEND = YES;
				ENABLE_TESTABILITY = YES;
				GCC_C_LANGUAGE_STANDARD = gnu99;
				GCC_DYNAMIC_NO_PIC = NO;
				GCC_NO_COMMON_BLOCKS = YES;
				GCC_OPTIMIZATION_LEVEL = 0;
				GCC_PREPROCESSOR_DEFINITIONS = (
					"DEBUG=1",
					"$(inherited)",
				);
				GCC_WARN_64_TO_32_BIT_CONVERSION = YES;
				GCC_WARN_ABOUT_RETURN_TYPE = YES_ERROR;
				GCC_WARN_UNDECLARED_SELECTOR = YES;
				GCC_WARN_UNINITIALIZED_AUTOS = YES_AGGRESSIVE;
				GCC_WARN_UNUSED_FUNCTION = YES;
				GCC_WARN_UNUSED_VARIABLE = YES;
				MTL_ENABLE_DEBUG_INFO = YES;
				ONLY_ACTIVE_ARCH = YES;
				SDKROOT = appletvos;
				SWIFT_ACTIVE_COMPILATION_CONDITIONS = DEBUG;
				SWIFT_OPTIMIZATION_LEVEL = "-Onone";
				TARGETED_DEVICE_FAMILY = 3;
				TVOS_DEPLOYMENT_TARGET = 10.2;
			};
			name = Debug;
		};
		C6D3BEEF1F3251060029C70E /* Release */ = {
			isa = XCBuildConfiguration;
			buildSettings = {
				ALWAYS_SEARCH_USER_PATHS = NO;
				CLANG_ANALYZER_NONNULL = YES;
				CLANG_ANALYZER_NUMBER_OBJECT_CONVERSION = YES_AGGRESSIVE;
				CLANG_CXX_LANGUAGE_STANDARD = "gnu++0x";
				CLANG_CXX_LIBRARY = "libc++";
				CLANG_ENABLE_MODULES = YES;
				CLANG_ENABLE_OBJC_ARC = YES;
				CLANG_WARN_BLOCK_CAPTURE_AUTORELEASING = YES;
				CLANG_WARN_BOOL_CONVERSION = YES;
				CLANG_WARN_COMMA = YES;
				CLANG_WARN_CONSTANT_CONVERSION = YES;
				CLANG_WARN_DEPRECATED_OBJC_IMPLEMENTATIONS = YES;
				CLANG_WARN_DIRECT_OBJC_ISA_USAGE = YES_ERROR;
				CLANG_WARN_DOCUMENTATION_COMMENTS = YES;
				CLANG_WARN_EMPTY_BODY = YES;
				CLANG_WARN_ENUM_CONVERSION = YES;
				CLANG_WARN_INFINITE_RECURSION = YES;
				CLANG_WARN_INT_CONVERSION = YES;
				CLANG_WARN_NON_LITERAL_NULL_CONVERSION = YES;
				CLANG_WARN_OBJC_IMPLICIT_RETAIN_SELF = YES;
				CLANG_WARN_OBJC_LITERAL_CONVERSION = YES;
				CLANG_WARN_OBJC_ROOT_CLASS = YES_ERROR;
				CLANG_WARN_RANGE_LOOP_ANALYSIS = YES;
				CLANG_WARN_STRICT_PROTOTYPES = YES;
				CLANG_WARN_SUSPICIOUS_MOVE = YES;
				CLANG_WARN_UNREACHABLE_CODE = YES;
				CLANG_WARN__DUPLICATE_METHOD_MATCH = YES;
				COPY_PHASE_STRIP = NO;
				DEBUG_INFORMATION_FORMAT = "dwarf-with-dsym";
				ENABLE_NS_ASSERTIONS = NO;
				ENABLE_STRICT_OBJC_MSGSEND = YES;
				GCC_C_LANGUAGE_STANDARD = gnu99;
				GCC_NO_COMMON_BLOCKS = YES;
				GCC_WARN_64_TO_32_BIT_CONVERSION = YES;
				GCC_WARN_ABOUT_RETURN_TYPE = YES_ERROR;
				GCC_WARN_UNDECLARED_SELECTOR = YES;
				GCC_WARN_UNINITIALIZED_AUTOS = YES_AGGRESSIVE;
				GCC_WARN_UNUSED_FUNCTION = YES;
				GCC_WARN_UNUSED_VARIABLE = YES;
				MTL_ENABLE_DEBUG_INFO = NO;
				SDKROOT = appletvos;
				SWIFT_OPTIMIZATION_LEVEL = "-Owholemodule";
				TARGETED_DEVICE_FAMILY = 3;
				TVOS_DEPLOYMENT_TARGET = 10.2;
				VALIDATE_PRODUCT = YES;
			};
			name = Release;
		};
		C6D3BEF11F3251060029C70E /* Debug */ = {
			isa = XCBuildConfiguration;
			buildSettings = {
				ASSETCATALOG_COMPILER_APPICON_NAME = "App Icon & Top Shelf Image";
				ASSETCATALOG_COMPILER_LAUNCHIMAGE_NAME = LaunchImage;
				DEVELOPMENT_TEAM = DKSUFJ9RL5;
				INFOPLIST_FILE = "Deep Link Tester/Info.plist";
				LD_RUNPATH_SEARCH_PATHS = "$(inherited) @executable_path/Frameworks";
				PRODUCT_BUNDLE_IDENTIFIER = "com.kreloff.Deep-Link-Tester";
				PRODUCT_NAME = "$(TARGET_NAME)";
				SWIFT_SWIFT3_OBJC_INFERENCE = Default;
				SWIFT_VERSION = 4.0;
			};
			name = Debug;
		};
		C6D3BEF21F3251060029C70E /* Release */ = {
			isa = XCBuildConfiguration;
			buildSettings = {
				ASSETCATALOG_COMPILER_APPICON_NAME = "App Icon & Top Shelf Image";
				ASSETCATALOG_COMPILER_LAUNCHIMAGE_NAME = LaunchImage;
				DEVELOPMENT_TEAM = DKSUFJ9RL5;
				INFOPLIST_FILE = "Deep Link Tester/Info.plist";
				LD_RUNPATH_SEARCH_PATHS = "$(inherited) @executable_path/Frameworks";
				PRODUCT_BUNDLE_IDENTIFIER = "com.kreloff.Deep-Link-Tester";
				PRODUCT_NAME = "$(TARGET_NAME)";
				SWIFT_SWIFT3_OBJC_INFERENCE = Default;
				SWIFT_VERSION = 4.0;
			};
			name = Release;
		};
		C6D3BEF41F3251060029C70E /* Debug */ = {
			isa = XCBuildConfiguration;
			buildSettings = {
				ALWAYS_EMBED_SWIFT_STANDARD_LIBRARIES = YES;
				BUNDLE_LOADER = "$(TEST_HOST)";
				DEVELOPMENT_TEAM = DKSUFJ9RL5;
				INFOPLIST_FILE = "Deep Link TesterTests/Info.plist";
				LD_RUNPATH_SEARCH_PATHS = "$(inherited) @executable_path/Frameworks @loader_path/Frameworks";
				PRODUCT_BUNDLE_IDENTIFIER = "com.kreloff.Deep-Link-TesterTests";
				PRODUCT_NAME = "$(TARGET_NAME)";
				SWIFT_SWIFT3_OBJC_INFERENCE = Default;
				SWIFT_VERSION = 4.0;
				TEST_HOST = "$(BUILT_PRODUCTS_DIR)/Deep Link Tester.app/Deep Link Tester";
			};
			name = Debug;
		};
		C6D3BEF51F3251060029C70E /* Release */ = {
			isa = XCBuildConfiguration;
			buildSettings = {
				ALWAYS_EMBED_SWIFT_STANDARD_LIBRARIES = YES;
				BUNDLE_LOADER = "$(TEST_HOST)";
				DEVELOPMENT_TEAM = DKSUFJ9RL5;
				INFOPLIST_FILE = "Deep Link TesterTests/Info.plist";
				LD_RUNPATH_SEARCH_PATHS = "$(inherited) @executable_path/Frameworks @loader_path/Frameworks";
				PRODUCT_BUNDLE_IDENTIFIER = "com.kreloff.Deep-Link-TesterTests";
				PRODUCT_NAME = "$(TARGET_NAME)";
				SWIFT_SWIFT3_OBJC_INFERENCE = Default;
				SWIFT_VERSION = 4.0;
				TEST_HOST = "$(BUILT_PRODUCTS_DIR)/Deep Link Tester.app/Deep Link Tester";
			};
			name = Release;
		};
		C6D3BEF71F3251060029C70E /* Debug */ = {
			isa = XCBuildConfiguration;
			buildSettings = {
				ALWAYS_EMBED_SWIFT_STANDARD_LIBRARIES = YES;
				DEVELOPMENT_TEAM = DKSUFJ9RL5;
				INFOPLIST_FILE = "Deep Link TesterUITests/Info.plist";
				LD_RUNPATH_SEARCH_PATHS = "$(inherited) @executable_path/Frameworks @loader_path/Frameworks";
				PRODUCT_BUNDLE_IDENTIFIER = "com.kreloff.Deep-Link-TesterUITests";
				PRODUCT_NAME = "$(TARGET_NAME)";
				SWIFT_SWIFT3_OBJC_INFERENCE = Default;
				SWIFT_VERSION = 4.0;
				TEST_TARGET_NAME = "Deep Link Tester";
			};
			name = Debug;
		};
		C6D3BEF81F3251060029C70E /* Release */ = {
			isa = XCBuildConfiguration;
			buildSettings = {
				ALWAYS_EMBED_SWIFT_STANDARD_LIBRARIES = YES;
				DEVELOPMENT_TEAM = DKSUFJ9RL5;
				INFOPLIST_FILE = "Deep Link TesterUITests/Info.plist";
				LD_RUNPATH_SEARCH_PATHS = "$(inherited) @executable_path/Frameworks @loader_path/Frameworks";
				PRODUCT_BUNDLE_IDENTIFIER = "com.kreloff.Deep-Link-TesterUITests";
				PRODUCT_NAME = "$(TARGET_NAME)";
				SWIFT_SWIFT3_OBJC_INFERENCE = Default;
				SWIFT_VERSION = 4.0;
				TEST_TARGET_NAME = "Deep Link Tester";
			};
			name = Release;
		};
/* End XCBuildConfiguration section */

/* Begin XCConfigurationList section */
		C6D3BEC61F3251050029C70E /* Build configuration list for PBXProject "Deep Link Tester" */ = {
			isa = XCConfigurationList;
			buildConfigurations = (
				C6D3BEEE1F3251060029C70E /* Debug */,
				C6D3BEEF1F3251060029C70E /* Release */,
			);
			defaultConfigurationIsVisible = 0;
			defaultConfigurationName = Release;
		};
		C6D3BEF01F3251060029C70E /* Build configuration list for PBXNativeTarget "Deep Link Tester" */ = {
			isa = XCConfigurationList;
			buildConfigurations = (
				C6D3BEF11F3251060029C70E /* Debug */,
				C6D3BEF21F3251060029C70E /* Release */,
			);
			defaultConfigurationIsVisible = 0;
			defaultConfigurationName = Release;
		};
		C6D3BEF31F3251060029C70E /* Build configuration list for PBXNativeTarget "Deep Link TesterTests" */ = {
			isa = XCConfigurationList;
			buildConfigurations = (
				C6D3BEF41F3251060029C70E /* Debug */,
				C6D3BEF51F3251060029C70E /* Release */,
			);
			defaultConfigurationIsVisible = 0;
			defaultConfigurationName = Release;
		};
		C6D3BEF61F3251060029C70E /* Build configuration list for PBXNativeTarget "Deep Link TesterUITests" */ = {
			isa = XCConfigurationList;
			buildConfigurations = (
				C6D3BEF71F3251060029C70E /* Debug */,
				C6D3BEF81F3251060029C70E /* Release */,
			);
			defaultConfigurationIsVisible = 0;
			defaultConfigurationName = Release;
		};
/* End XCConfigurationList section */
	};
	rootObject = C6D3BEC31F3251050029C70E /* Project object */;
}
